
Microsoft Visual Studio Solution File, Format Version 11.00
# Visual Studio 2010
Project("{FAE04EC0-301F-11D3-BF4B-00C04F79EFBC}") = "SudokuSolver", "SudokuSolver\SudokuSolver.csproj", "{3BBEBECC-D18F-4059-ADEA-E56406C02A69}"
EndProject
Project("{FAE04EC0-301F-11D3-BF4B-00C04F79EFBC}") = "SudokuSolverTest", "SudokuSolverTest\SudokuSolverTest.csproj", "{15A3024B-4A64-48A7-9837-8EE84BC53821}"
EndProject
Project("{2150E333-8FDC-42A3-9474-1A3956D46DE8}") = "Solution Items", "Solution Items", "{F9E1F0B8-3D27-44D5-B12F-3B1011FC80AE}"
	ProjectSection(SolutionItems) = preProject
		Local.testsettings = Local.testsettings
		SudokuSolver.vsmdi = SudokuSolver.vsmdi
		TraceAndTestImpact.testsettings = TraceAndTestImpact.testsettings
	EndProjectSection
EndProject
Global
	GlobalSection(TestCaseManagementSettings) = postSolution
		CategoryFile = SudokuSolver.vsmdi
	EndGlobalSection
	GlobalSection(SolutionConfigurationPlatforms) = preSolution
		Debug|Any CPU = Debug|Any CPU
		Release|Any CPU = Release|Any CPU
	EndGlobalSection
	GlobalSection(ProjectConfigurationPlatforms) = postSolution
		{3BBEBECC-D18F-4059-ADEA-E56406C02A69}.Debug|Any CPU.ActiveCfg = Debug|Any CPU
		{3BBEBECC-D18F-4059-ADEA-E56406C02A69}.Debug|Any CPU.Build.0 = Debug|Any CPU
		{3BBEBECC-D18F-4059-ADEA-E56406C02A69}.Release|Any CPU.ActiveCfg = Release|Any CPU
		{3BBEBECC-D18F-4059-ADEA-E56406C02A69}.Release|Any CPU.Build.0 = Release|Any CPU
		{15A3024B-4A64-48A7-9837-8EE84BC53821}.Debug|Any CPU.ActiveCfg = Debug|Any CPU
		{15A3024B-4A64-48A7-9837-8EE84BC53821}.Debug|Any CPU.Build.0 = Debug|Any CPU
		{15A3024B-4A64-48A7-9837-8EE84BC53821}.Release|Any CPU.ActiveCfg = Release|Any CPU
		{15A3024B-4A64-48A7-9837-8EE84BC53821}.Release|Any CPU.Build.0 = Release|Any CPU
	EndGlobalSection
	GlobalSection(SolutionProperties) = preSolution
		HideSolutionNode = FALSE
	EndGlobalSection
EndGlobal
