
Microsoft Visual Studio Solution File, Format Version 11.00
# Visual Studio 2010
Project("{FAE04EC0-301F-11D3-BF4B-00C04F79EFBC}") = "SudokuSolver", "SudokuSolver\SudokuSolver.csproj", "{3BBEBECC-D18F-4059-ADEA-E56406C02A69}"
EndProject
Project("{FAE04EC0-301F-11D3-BF4B-00C04F79EFBC}") = "SudokuSolverTest", "SudokuSolverTest\SudokuSolverTest.csproj", "{15A3024B-4A64-48A7-9837-8EE84BC53821}"
EndProject
Project("{2150E333-8FDC-42A3-9474-1A3956D46DE8}") = "Solution Items", "Solution Items", "{F9E1F0B8-3D27-44D5-B12F-3B1011FC80AE}"
	ProjectSection(SolutionItems) = preProject
		Local.testsettings = Local.testsettings
		SudokuSolver.vsmdi = SudokuSolver.vsmdi
		TraceAndTestImpact.testsettings = TraceAndTestImpact.testsettings
	EndProjectSection
EndProject
Project("{FAE04EC0-301F-11D3-BF4B-00C04F79EFBC}") = "Algorithms", "PileExclusionAlgorithm\Algorithms.csproj", "{9FC135E6-A7F5-4111-8C58-3C4E106A18D0}"
EndProject
Project("{FAE04EC0-301F-11D3-BF4B-00C04F79EFBC}") = "Support", "Support\Support.csproj", "{02A253AA-79DF-4E9E-A231-AEE039941163}"
EndProject
Project("{FAE04EC0-301F-11D3-BF4B-00C04F79EFBC}") = "Arrangement", "Arrangement\Arrangement.csproj", "{52A9444A-E93D-492A-9210-BCCA3BA75F5C}"
EndProject
Global
	GlobalSection(TestCaseManagementSettings) = postSolution
		CategoryFile = SudokuSolver.vsmdi
	EndGlobalSection
	GlobalSection(SolutionConfigurationPlatforms) = preSolution
		Debug|Any CPU = Debug|Any CPU
		Release|Any CPU = Release|Any CPU
	EndGlobalSection
	GlobalSection(ProjectConfigurationPlatforms) = postSolution
		{3BBEBECC-D18F-4059-ADEA-E56406C02A69}.Debug|Any CPU.ActiveCfg = Debug|Any CPU
		{3BBEBECC-D18F-4059-ADEA-E56406C02A69}.Debug|Any CPU.Build.0 = Debug|Any CPU
		{3BBEBECC-D18F-4059-ADEA-E56406C02A69}.Release|Any CPU.ActiveCfg = Release|Any CPU
		{3BBEBECC-D18F-4059-ADEA-E56406C02A69}.Release|Any CPU.Build.0 = Release|Any CPU
		{15A3024B-4A64-48A7-9837-8EE84BC53821}.Debug|Any CPU.ActiveCfg = Debug|Any CPU
		{15A3024B-4A64-48A7-9837-8EE84BC53821}.Debug|Any CPU.Build.0 = Debug|Any CPU
		{15A3024B-4A64-48A7-9837-8EE84BC53821}.Release|Any CPU.ActiveCfg = Release|Any CPU
		{15A3024B-4A64-48A7-9837-8EE84BC53821}.Release|Any CPU.Build.0 = Release|Any CPU
		{9FC135E6-A7F5-4111-8C58-3C4E106A18D0}.Debug|Any CPU.ActiveCfg = Debug|Any CPU
		{9FC135E6-A7F5-4111-8C58-3C4E106A18D0}.Debug|Any CPU.Build.0 = Debug|Any CPU
		{9FC135E6-A7F5-4111-8C58-3C4E106A18D0}.Release|Any CPU.ActiveCfg = Release|Any CPU
		{9FC135E6-A7F5-4111-8C58-3C4E106A18D0}.Release|Any CPU.Build.0 = Release|Any CPU
		{02A253AA-79DF-4E9E-A231-AEE039941163}.Debug|Any CPU.ActiveCfg = Debug|Any CPU
		{02A253AA-79DF-4E9E-A231-AEE039941163}.Debug|Any CPU.Build.0 = Debug|Any CPU
		{02A253AA-79DF-4E9E-A231-AEE039941163}.Release|Any CPU.ActiveCfg = Release|Any CPU
		{02A253AA-79DF-4E9E-A231-AEE039941163}.Release|Any CPU.Build.0 = Release|Any CPU
		{52A9444A-E93D-492A-9210-BCCA3BA75F5C}.Debug|Any CPU.ActiveCfg = Debug|Any CPU
		{52A9444A-E93D-492A-9210-BCCA3BA75F5C}.Debug|Any CPU.Build.0 = Debug|Any CPU
		{52A9444A-E93D-492A-9210-BCCA3BA75F5C}.Release|Any CPU.ActiveCfg = Release|Any CPU
		{52A9444A-E93D-492A-9210-BCCA3BA75F5C}.Release|Any CPU.Build.0 = Release|Any CPU
	EndGlobalSection
	GlobalSection(SolutionProperties) = preSolution
		HideSolutionNode = FALSE
	EndGlobalSection
EndGlobal
